// !$*UTF8*$!
{
	archiveVersion = 1;
	classes = {
	};
	objectVersion = 38;
	objects = {
		00F8BE50FF9E3DB011CA24F8 = {
			buildRules = (
			);
			buildSettings = {
				COPY_PHASE_STRIP = NO;
				OPTIMIZATION_CFLAGS = "-O0";
			};
			isa = PBXBuildStyle;
			name = Development;
		};
		00F8BE51FF9E3DB011CA24F8 = {
			buildRules = (
			);
			buildSettings = {
				COPY_PHASE_STRIP = YES;
			};
			isa = PBXBuildStyle;
			name = Deployment;
		};
		00F8BE52FF9E3DCB11CA24F8 = {
			fileRef = 01019500FED3B049CC9C850C;
			isa = PBXBuildFile;
			settings = {
			};
		};
//000
//001
//002
//003
//004
//010
//011
//012
//013
//014
		010194E8FED3B049CC9C850C = {
			buildStyles = (
				00F8BE50FF9E3DB011CA24F8,
				00F8BE51FF9E3DB011CA24F8,
			);
			isa = PBXProject;
			mainGroup = 010194E9FED3B049CC9C850C;
			productRefGroup = 010194EAFED3B049CC9C850C;
			projectDirPath = "";
			targets = (
				01019504FED3B049CC9C850C,
			);
		};
		010194E9FED3B049CC9C850C = {
			children = (
				010194EAFED3B049CC9C850C,
				010194ECFED3B049CC9C850C,
				010194EFFED3B049CC9C850C,
				010194F2FED3B049CC9C850C,
				010194F4FED3B049CC9C850C,
				010194FFFED3B049CC9C850C,
				0EAC681904547E880ACA255F,
			);
			isa = PBXGroup;
			name = GLViewDemo;
			refType = 4;
		};
		010194EAFED3B049CC9C850C = {
			children = (
				04C8C838FF72A7BF11CA24F8,
			);
			isa = PBXGroup;
			name = Products;
			refType = 4;
		};
		010194ECFED3B049CC9C850C = {
			children = (
				010194EDFED3B049CC9C850C,
				0369302EFED504DACC9C850C,
				0EF9BE3202E9E93D0AE7C1C3,
				0EFBD69D031C412A0ACA255F,
				0EFBD69F031C44A90ACA255F,
				4F9C3079043A93F500DBD01D,
			);
			isa = PBXGroup;
			name = Classes;
			refType = 4;
		};
		010194EDFED3B049CC9C850C = {
			fileEncoding = 30;
			isa = PBXFileReference;
			path = CubeController.m;
			refType = 4;
		};
		010194EFFED3B049CC9C850C = {
			children = (
				010194F0FED3B049CC9C850C,
				4F9C3078043A93F500DBD01D,
				03597EE5FED50450CC9C850C,
				0EF9BE3102E9E93D0AE7C1C3,
			);
			isa = PBXGroup;
			name = Headers;
			refType = 4;
		};
		010194F0FED3B049CC9C850C = {
			fileEncoding = 30;
			isa = PBXFileReference;
			path = CubeController.h;
			refType = 4;
		};
		010194F2FED3B049CC9C850C = {
			children = (
				010194F3FED3B049CC9C850C,
			);
			isa = PBXGroup;
			name = "Other Sources";
			refType = 4;
		};
		010194F3FED3B049CC9C850C = {
			fileEncoding = 30;
			isa = PBXFileReference;
			path = CubePuzzle_main.m;
			refType = 4;
		};
		010194F4FED3B049CC9C850C = {
			children = (
				4F9C306F043A919C00DBD01D,
				010194F5FED3B049CC9C850C,
			);
			isa = PBXGroup;
			name = Interfaces;
			refType = 4;
		};
		010194F5FED3B049CC9C850C = {
			children = (
				010194F6FED3B049CC9C850C,
			);
			isa = PBXVariantGroup;
			name = CubePuzzle.nib;
			refType = 4;
		};
		010194F6FED3B049CC9C850C = {
			isa = PBXFileReference;
			name = CubePuzzle.nib;
			path = English.lproj/CubePuzzle.nib;
			refType = 4;
		};
		010194FFFED3B049CC9C850C = {
			children = (
				01019501FED3B049CC9C850C,
				01019502FED3B049CC9C850C,
				01019516FED3B098CC9C850C,
				01019500FED3B049CC9C850C,
			);
			isa = PBXGroup;
			name = "External Frameworks and Libraries";
			refType = 4;
		};
		01019500FED3B049CC9C850C = {
			isa = PBXFrameworkReference;
			name = OpenGL.framework;
			path = /System/Library/Frameworks/OpenGL.framework;
			refType = 0;
		};
		01019501FED3B049CC9C850C = {
			isa = PBXFrameworkReference;
			name = Foundation.framework;
			path = /System/Library/Frameworks/Foundation.framework;
			refType = 0;
		};
		01019502FED3B049CC9C850C = {
			isa = PBXFrameworkReference;
			name = AppKit.framework;
			path = /System/Library/Frameworks/AppKit.framework;
			refType = 0;
		};
		01019504FED3B049CC9C850C = {
			buildPhases = (
				01019505FED3B049CC9C850C,
				01019508FED3B049CC9C850C,
				0101950AFED3B049CC9C850C,
				0101950EFED3B049CC9C850C,
				01019513FED3B049CC9C850C,
			);
			buildSettings = {
				FRAMEWORK_SEARCH_PATHS = "";
				HEADER_SEARCH_PATHS = "";
				INSTALL_PATH = /Applications;
				LIBRARY_SEARCH_PATHS = "";
				OTHER_LDFLAGS = "";
				OTHER_REZFLAGS = "";
				PRODUCT_NAME = CubePuzzle;
				SECTORDER_FLAGS = "";
				WARNING_CFLAGS = "-Wmost -Wno-four-char-constants -Wno-unknown-pragmas";
				WRAPPER_EXTENSION = app;
			};
			dependencies = (
			);
			isa = PBXApplicationTarget;
			name = "CubePuzzle (Application)";
			productInstallPath = /Applications;
			productName = GLViewDemo;
			productReference = 04C8C838FF72A7BF11CA24F8;
			productSettingsXML = "<?xml version=\"1.0\" encoding=\"UTF-8\"?>
<!DOCTYPE plist PUBLIC \"-//Apple Computer//DTD PLIST 1.0//EN\" \"http://www.apple.com/DTDs/PropertyList-1.0.dtd\">
<plist version=\"1.0\">
<dict>
	<key>CFBundleDevelopmentRegion</key>
	<string>English</string>
	<key>CFBundleExecutable</key>
	<string>CubePuzzle</string>
	<key>CFBundleGetInfoString</key>
	<string></string>
	<key>CFBundleIconFile</key>
	<string></string>
	<key>CFBundleIdentifier</key>
	<string>CubePuzzle</string>
	<key>CFBundleInfoDictionaryVersion</key>
	<string>6.0</string>
	<key>CFBundleName</key>
	<string>CubePuzzle</string>
	<key>CFBundlePackageType</key>
	<string>APPL</string>
	<key>CFBundleShortVersionString</key>
	<string></string>
	<key>CFBundleSignature</key>
	<string>????</string>
	<key>CFBundleVersion</key>
	<string>0.0.1d1</string>
	<key>NSMainNibFile</key>
	<string>CubePuzzle.nib</string>
	<key>NSPrincipalClass</key>
	<string>NSApplication</string>
</dict>
</plist>
";
			shouldUseHeadermap = 0;
		};
		01019505FED3B049CC9C850C = {
			buildActionMask = 2147483647;
			files = (
				01019506FED3B049CC9C850C,
				03597EE6FED50450CC9C850C,
				0EF9BE3302E9E93D0AE7C1C3,
				4F9C307A043A93F500DBD01D,
			);
			isa = PBXHeadersBuildPhase;
			runOnlyForDeploymentPostprocessing = 0;
		};
		01019506FED3B049CC9C850C = {
			fileRef = 010194F0FED3B049CC9C850C;
			isa = PBXBuildFile;
			settings = {
			};
		};
		01019508FED3B049CC9C850C = {
			buildActionMask = 2147483647;
			files = (
				01019509FED3B049CC9C850C,
				4F9C3070043A919C00DBD01D,
				0EAC681A04547E880ACA255F,
			);
			isa = PBXResourcesBuildPhase;
			runOnlyForDeploymentPostprocessing = 0;
		};
		01019509FED3B049CC9C850C = {
			fileRef = 010194F5FED3B049CC9C850C;
			isa = PBXBuildFile;
			settings = {
			};
		};
		0101950AFED3B049CC9C850C = {
			buildActionMask = 2147483647;
			files = (
				0101950BFED3B049CC9C850C,
				0101950DFED3B049CC9C850C,
				0369302FFED504DACC9C850C,
				0EF9BE3402E9E93D0AE7C1C3,
				0EFBD69E031C412A0ACA255F,
				0EFBD6A0031C44A90ACA255F,
				4F9C307B043A93F500DBD01D,
			);
			isa = PBXSourcesBuildPhase;
			runOnlyForDeploymentPostprocessing = 0;
		};
		0101950BFED3B049CC9C850C = {
			fileRef = 010194EDFED3B049CC9C850C;
			isa = PBXBuildFile;
			settings = {
				ATTRIBUTES = (
				);
			};
		};
		0101950DFED3B049CC9C850C = {
			fileRef = 010194F3FED3B049CC9C850C;
			isa = PBXBuildFile;
			settings = {
				ATTRIBUTES = (
				);
			};
		};
		0101950EFED3B049CC9C850C = {
			buildActionMask = 2147483647;
			files = (
				01019517FED3B098CC9C850C,
				00F8BE52FF9E3DCB11CA24F8,
			);
			isa = PBXFrameworksBuildPhase;
			runOnlyForDeploymentPostprocessing = 0;
		};
		01019513FED3B049CC9C850C = {
			buildActionMask = 2147483647;
			files = (
			);
			isa = PBXRezBuildPhase;
			runOnlyForDeploymentPostprocessing = 0;
		};
		01019516FED3B098CC9C850C = {
			isa = PBXFrameworkReference;
			name = Cocoa.framework;
			path = /System/Library/Frameworks/Cocoa.framework;
			refType = 0;
		};
		01019517FED3B098CC9C850C = {
			fileRef = 01019516FED3B098CC9C850C;
			isa = PBXBuildFile;
			settings = {
			};
		};
//010
//011
//012
//013
//014
//030
//031
//032
//033
//034
		03597EE5FED50450CC9C850C = {
			fileEncoding = 30;
			isa = PBXFileReference;
			path = CubeGLView.h;
			refType = 4;
		};
		03597EE6FED50450CC9C850C = {
			fileRef = 03597EE5FED50450CC9C850C;
			isa = PBXBuildFile;
			settings = {
			};
		};
		0369302EFED504DACC9C850C = {
			fileEncoding = 30;
			isa = PBXFileReference;
			path = CubeGLView.m;
			refType = 4;
		};
		0369302FFED504DACC9C850C = {
			fileRef = 0369302EFED504DACC9C850C;
			isa = PBXBuildFile;
			settings = {
				ATTRIBUTES = (
				);
			};
		};
//030
//031
//032
//033
//034
//040
//041
//042
//043
//044
		04C8C838FF72A7BF11CA24F8 = {
			isa = PBXApplicationReference;
			path = CubePuzzle.app;
			refType = 3;
		};
//040
//041
//042
//043
//044
//0E0
//0E1
//0E2
//0E3
//0E4
		0EAC681904547E880ACA255F = {
			isa = PBXFileReference;
			path = ReadMe.txt;
			refType = 4;
		};
		0EAC681A04547E880ACA255F = {
			fileRef = 0EAC681904547E880ACA255F;
			isa = PBXBuildFile;
			settings = {
			};
		};
		0EF9BE3102E9E93D0AE7C1C3 = {
			fileEncoding = 30;
			isa = PBXFileReference;
			path = Cube.h;
			refType = 4;
		};
		0EF9BE3202E9E93D0AE7C1C3 = {
			fileEncoding = 30;
			isa = PBXFileReference;
			path = Cube.m;
			refType = 4;
		};
		0EF9BE3302E9E93D0AE7C1C3 = {
			fileRef = 0EF9BE3102E9E93D0AE7C1C3;
			isa = PBXBuildFile;
			settings = {
			};
		};
		0EF9BE3402E9E93D0AE7C1C3 = {
			fileRef = 0EF9BE3202E9E93D0AE7C1C3;
			isa = PBXBuildFile;
			settings = {
			};
		};
		0EFBD69D031C412A0ACA255F = {
			fileEncoding = 30;
			isa = PBXFileReference;
			path = CubeRendering.m;
			refType = 4;
		};
		0EFBD69E031C412A0ACA255F = {
			fileRef = 0EFBD69D031C412A0ACA255F;
			isa = PBXBuildFile;
			settings = {
			};
		};
		0EFBD69F031C44A90ACA255F = {
			fileEncoding = 30;
			isa = PBXFileReference;
			path = CubeSolving.m;
			refType = 4;
		};
		0EFBD6A0031C44A90ACA255F = {
			fileRef = 0EFBD69F031C44A90ACA255F;
			isa = PBXBuildFile;
			settings = {
			};
		};
//0E0
//0E1
//0E2
//0E3
//0E4
//4F0
//4F1
//4F2
//4F3
//4F4
		4F9C306F043A919C00DBD01D = {
			isa = PBXFileReference;
			path = CubeWindow.nib;
			refType = 4;
		};
		4F9C3070043A919C00DBD01D = {
			fileRef = 4F9C306F043A919C00DBD01D;
			isa = PBXBuildFile;
			settings = {
			};
		};
		4F9C3078043A93F500DBD01D = {
			fileEncoding = 4;
			isa = PBXFileReference;
			path = CubeWindowController.h;
			refType = 4;
		};
		4F9C3079043A93F500DBD01D = {
			fileEncoding = 4;
			isa = PBXFileReference;
			path = CubeWindowController.m;
			refType = 4;
		};
		4F9C307A043A93F500DBD01D = {
			fileRef = 4F9C3078043A93F500DBD01D;
			isa = PBXBuildFile;
			settings = {
			};
		};
		4F9C307B043A93F500DBD01D = {
			fileRef = 4F9C3079043A93F500DBD01D;
			isa = PBXBuildFile;
			settings = {
			};
		};
	};
	rootObject = 010194E8FED3B049CC9C850C;
}
